// !$*UTF8*$!
{
	archiveVersion = 1;
	classes = {
	};
	objectVersion = 46;
	objects = {

/* Begin PBXBuildFile section */
		0E5ADBA01CC6210B00124D50 /* fil.swift in Sources */ = {isa = PBXBuildFile; fileRef = 0E5ADB9F1CC6210B00124D50 /* fil.swift */; };
		0E5ADBA21CC626EB00124D50 /* filCell.swift in Sources */ = {isa = PBXBuildFile; fileRef = 0E5ADBA11CC626EB00124D50 /* filCell.swift */; };
		0E967CE01CA590CD00B214C1 /* AppDelegate.swift in Sources */ = {isa = PBXBuildFile; fileRef = 0E967CDF1CA590CD00B214C1 /* AppDelegate.swift */; };
		0E967CE21CA590CD00B214C1 /* ViewController.swift in Sources */ = {isa = PBXBuildFile; fileRef = 0E967CE11CA590CD00B214C1 /* ViewController.swift */; };
		0E967CE51CA590CD00B214C1 /* Main.storyboard in Resources */ = {isa = PBXBuildFile; fileRef = 0E967CE31CA590CD00B214C1 /* Main.storyboard */; };
		0E967CE71CA590CD00B214C1 /* Assets.xcassets in Resources */ = {isa = PBXBuildFile; fileRef = 0E967CE61CA590CD00B214C1 /* Assets.xcassets */; };
		0E967CEA1CA590CD00B214C1 /* LaunchScreen.storyboard in Resources */ = {isa = PBXBuildFile; fileRef = 0E967CE81CA590CD00B214C1 /* LaunchScreen.storyboard */; };
		0E967CF51CA590CD00B214C1 /* Byggo_v1_Tests.swift in Sources */ = {isa = PBXBuildFile; fileRef = 0E967CF41CA590CD00B214C1 /* Byggo_v1_Tests.swift */; };
		0E967D001CA590CD00B214C1 /* Byggo_v1_UITests.swift in Sources */ = {isa = PBXBuildFile; fileRef = 0E967CFF1CA590CD00B214C1 /* Byggo_v1_UITests.swift */; };
		0E967D0E1CA590E800B214C1 /* Podfile in Resources */ = {isa = PBXBuildFile; fileRef = 0E967D0D1CA590E800B214C1 /* Podfile */; };
		0E9F3DFF1CC6B19C00740535 /* excel_Symbol.png in Resources */ = {isa = PBXBuildFile; fileRef = 0E9F3DFA1CC6B19C00740535 /* excel_Symbol.png */; };
		0E9F3E001CC6B19C00740535 /* jpeg_Symbol.png in Resources */ = {isa = PBXBuildFile; fileRef = 0E9F3DFB1CC6B19C00740535 /* jpeg_Symbol.png */; };
		0E9F3E011CC6B19C00740535 /* pdf_Symbol.png in Resources */ = {isa = PBXBuildFile; fileRef = 0E9F3DFC1CC6B19C00740535 /* pdf_Symbol.png */; };
		0E9F3E021CC6B19C00740535 /* png_Symbol.png in Resources */ = {isa = PBXBuildFile; fileRef = 0E9F3DFD1CC6B19C00740535 /* png_Symbol.png */; };
		0E9F3E031CC6B19C00740535 /* ppt_Symbol.png in Resources */ = {isa = PBXBuildFile; fileRef = 0E9F3DFE1CC6B19C00740535 /* ppt_Symbol.png */; };
		0EC31CDE1CA594E5003ACF01 /* SwiftyJSON.framework in Frameworks */ = {isa = PBXBuildFile; fileRef = 0EC31CDB1CA592CF003ACF01 /* SwiftyJSON.framework */; };
		0EC31CE11CA59802003ACF01 /* Alamofire.framework in Frameworks */ = {isa = PBXBuildFile; fileRef = 0EC31CDA1CA592CF003ACF01 /* Alamofire.framework */; };
		0EC31CE31CA6DD59003ACF01 /* user.swift in Sources */ = {isa = PBXBuildFile; fileRef = 0EC31CE21CA6DD59003ACF01 /* user.swift */; };
		0EEC4FC21CA74FAF00F9374F /* TableViewControler.swift in Sources */ = {isa = PBXBuildFile; fileRef = 0EEC4FC11CA74FAF00F9374F /* TableViewControler.swift */; };
		0EEC4FC61CA752DA00F9374F /* DetailedViewController.swift in Sources */ = {isa = PBXBuildFile; fileRef = 0EEC4FC51CA752DA00F9374F /* DetailedViewController.swift */; };
		0EEC4FC81CA7E56D00F9374F /* cell.swift in Sources */ = {isa = PBXBuildFile; fileRef = 0EEC4FC71CA7E56D00F9374F /* cell.swift */; };
		0EEC4FCA1CA965B200F9374F /* settings.swift in Sources */ = {isa = PBXBuildFile; fileRef = 0EEC4FC91CA965B200F9374F /* settings.swift */; };
		FB20AFA6456725B9478F4F09 /* Pods_Byggo_v1_.framework in Frameworks */ = {isa = PBXBuildFile; fileRef = D982E91493DD48EA6CEEFEB1 /* Pods_Byggo_v1_.framework */; };
/* End PBXBuildFile section */

/* Begin PBXContainerItemProxy section */
		0E967CF11CA590CD00B214C1 /* PBXContainerItemProxy */ = {
			isa = PBXContainerItemProxy;
			containerPortal = 0E967CD41CA590CD00B214C1 /* Project object */;
			proxyType = 1;
			remoteGlobalIDString = 0E967CDB1CA590CD00B214C1;
			remoteInfo = "Byggo(v1)";
		};
		0E967CFC1CA590CD00B214C1 /* PBXContainerItemProxy */ = {
			isa = PBXContainerItemProxy;
			containerPortal = 0E967CD41CA590CD00B214C1 /* Project object */;
			proxyType = 1;
			remoteGlobalIDString = 0E967CDB1CA590CD00B214C1;
			remoteInfo = "Byggo(v1)";
		};
/* End PBXContainerItemProxy section */

/* Begin PBXFileReference section */
		0E5ADB9F1CC6210B00124D50 /* fil.swift */ = {isa = PBXFileReference; fileEncoding = 4; lastKnownFileType = sourcecode.swift; path = fil.swift; sourceTree = "<group>"; };
		0E5ADBA11CC626EB00124D50 /* filCell.swift */ = {isa = PBXFileReference; fileEncoding = 4; lastKnownFileType = sourcecode.swift; path = filCell.swift; sourceTree = "<group>"; };
		0E967CDC1CA590CD00B214C1 /* Byggo(v1).app */ = {isa = PBXFileReference; explicitFileType = wrapper.application; includeInIndex = 0; path = "Byggo(v1).app"; sourceTree = BUILT_PRODUCTS_DIR; };
		0E967CDF1CA590CD00B214C1 /* AppDelegate.swift */ = {isa = PBXFileReference; lastKnownFileType = sourcecode.swift; path = AppDelegate.swift; sourceTree = "<group>"; };
		0E967CE11CA590CD00B214C1 /* ViewController.swift */ = {isa = PBXFileReference; lastKnownFileType = sourcecode.swift; path = ViewController.swift; sourceTree = "<group>"; };
		0E967CE41CA590CD00B214C1 /* Base */ = {isa = PBXFileReference; lastKnownFileType = file.storyboard; name = Base; path = Base.lproj/Main.storyboard; sourceTree = "<group>"; };
		0E967CE61CA590CD00B214C1 /* Assets.xcassets */ = {isa = PBXFileReference; lastKnownFileType = folder.assetcatalog; path = Assets.xcassets; sourceTree = "<group>"; };
		0E967CE91CA590CD00B214C1 /* Base */ = {isa = PBXFileReference; lastKnownFileType = file.storyboard; name = Base; path = Base.lproj/LaunchScreen.storyboard; sourceTree = "<group>"; };
		0E967CEB1CA590CD00B214C1 /* Info.plist */ = {isa = PBXFileReference; lastKnownFileType = text.plist.xml; path = Info.plist; sourceTree = "<group>"; };
		0E967CF01CA590CD00B214C1 /* Byggo(v1)Tests.xctest */ = {isa = PBXFileReference; explicitFileType = wrapper.cfbundle; includeInIndex = 0; path = "Byggo(v1)Tests.xctest"; sourceTree = BUILT_PRODUCTS_DIR; };
		0E967CF41CA590CD00B214C1 /* Byggo_v1_Tests.swift */ = {isa = PBXFileReference; lastKnownFileType = sourcecode.swift; path = Byggo_v1_Tests.swift; sourceTree = "<group>"; };
		0E967CF61CA590CD00B214C1 /* Info.plist */ = {isa = PBXFileReference; lastKnownFileType = text.plist.xml; path = Info.plist; sourceTree = "<group>"; };
		0E967CFB1CA590CD00B214C1 /* Byggo(v1)UITests.xctest */ = {isa = PBXFileReference; explicitFileType = wrapper.cfbundle; includeInIndex = 0; path = "Byggo(v1)UITests.xctest"; sourceTree = BUILT_PRODUCTS_DIR; };
		0E967CFF1CA590CD00B214C1 /* Byggo_v1_UITests.swift */ = {isa = PBXFileReference; lastKnownFileType = sourcecode.swift; path = Byggo_v1_UITests.swift; sourceTree = "<group>"; };
		0E967D011CA590CD00B214C1 /* Info.plist */ = {isa = PBXFileReference; lastKnownFileType = text.plist.xml; path = Info.plist; sourceTree = "<group>"; };
		0E967D0D1CA590E800B214C1 /* Podfile */ = {isa = PBXFileReference; fileEncoding = 4; lastKnownFileType = text; path = Podfile; sourceTree = "<group>"; };
		0E9F3DFA1CC6B19C00740535 /* excel_Symbol.png */ = {isa = PBXFileReference; lastKnownFileType = image.png; path = excel_Symbol.png; sourceTree = "<group>"; };
		0E9F3DFB1CC6B19C00740535 /* jpeg_Symbol.png */ = {isa = PBXFileReference; lastKnownFileType = image.png; path = jpeg_Symbol.png; sourceTree = "<group>"; };
		0E9F3DFC1CC6B19C00740535 /* pdf_Symbol.png */ = {isa = PBXFileReference; lastKnownFileType = image.png; path = pdf_Symbol.png; sourceTree = "<group>"; };
		0E9F3DFD1CC6B19C00740535 /* png_Symbol.png */ = {isa = PBXFileReference; lastKnownFileType = image.png; path = png_Symbol.png; sourceTree = "<group>"; };
		0E9F3DFE1CC6B19C00740535 /* ppt_Symbol.png */ = {isa = PBXFileReference; lastKnownFileType = image.png; path = ppt_Symbol.png; sourceTree = "<group>"; };
		0EC31CDA1CA592CF003ACF01 /* Alamofire.framework */ = {isa = PBXFileReference; lastKnownFileType = wrapper.framework; name = Alamofire.framework; path = "../../../Library/Developer/Xcode/DerivedData/Byggo(v1)-bfddcyithfwnrraiygpqyflligbw/Build/Products/Debug-iphonesimulator/Alamofire.framework"; sourceTree = "<group>"; };
		0EC31CDB1CA592CF003ACF01 /* SwiftyJSON.framework */ = {isa = PBXFileReference; lastKnownFileType = wrapper.framework; name = SwiftyJSON.framework; path = "../../../Library/Developer/Xcode/DerivedData/Byggo(v1)-bfddcyithfwnrraiygpqyflligbw/Build/Products/Debug-iphonesimulator/SwiftyJSON.framework"; sourceTree = "<group>"; };
		0EC31CE21CA6DD59003ACF01 /* user.swift */ = {isa = PBXFileReference; fileEncoding = 4; lastKnownFileType = sourcecode.swift; name = user.swift; path = Classes/user.swift; sourceTree = "<group>"; };
		0EEC4FC11CA74FAF00F9374F /* TableViewControler.swift */ = {isa = PBXFileReference; fileEncoding = 4; lastKnownFileType = sourcecode.swift; path = TableViewControler.swift; sourceTree = "<group>"; };
		0EEC4FC51CA752DA00F9374F /* DetailedViewController.swift */ = {isa = PBXFileReference; fileEncoding = 4; lastKnownFileType = sourcecode.swift; path = DetailedViewController.swift; sourceTree = "<group>"; };
		0EEC4FC71CA7E56D00F9374F /* cell.swift */ = {isa = PBXFileReference; fileEncoding = 4; lastKnownFileType = sourcecode.swift; path = cell.swift; sourceTree = "<group>"; };
		0EEC4FC91CA965B200F9374F /* settings.swift */ = {isa = PBXFileReference; fileEncoding = 4; lastKnownFileType = sourcecode.swift; path = settings.swift; sourceTree = "<group>"; };
		25656132FA5865C002A281A7 /* Pods-Byggo(v1).release.xcconfig */ = {isa = PBXFileReference; includeInIndex = 1; lastKnownFileType = text.xcconfig; name = "Pods-Byggo(v1).release.xcconfig"; path = "Pods/Target Support Files/Pods-Byggo(v1)/Pods-Byggo(v1).release.xcconfig"; sourceTree = "<group>"; };
		D982E91493DD48EA6CEEFEB1 /* Pods_Byggo_v1_.framework */ = {isa = PBXFileReference; explicitFileType = wrapper.framework; includeInIndex = 0; path = Pods_Byggo_v1_.framework; sourceTree = BUILT_PRODUCTS_DIR; };
		ECAC247A427DA3CB20DE4E9D /* Pods-Byggo(v1).debug.xcconfig */ = {isa = PBXFileReference; includeInIndex = 1; lastKnownFileType = text.xcconfig; name = "Pods-Byggo(v1).debug.xcconfig"; path = "Pods/Target Support Files/Pods-Byggo(v1)/Pods-Byggo(v1).debug.xcconfig"; sourceTree = "<group>"; };
/* End PBXFileReference section */

/* Begin PBXFrameworksBuildPhase section */
		0E967CD91CA590CD00B214C1 /* Frameworks */ = {
			isa = PBXFrameworksBuildPhase;
			buildActionMask = 2147483647;
			files = (
				0EC31CE11CA59802003ACF01 /* Alamofire.framework in Frameworks */,
				0EC31CDE1CA594E5003ACF01 /* SwiftyJSON.framework in Frameworks */,
				FB20AFA6456725B9478F4F09 /* Pods_Byggo_v1_.framework in Frameworks */,
			);
			runOnlyForDeploymentPostprocessing = 0;
		};
		0E967CED1CA590CD00B214C1 /* Frameworks */ = {
			isa = PBXFrameworksBuildPhase;
			buildActionMask = 2147483647;
			files = (
			);
			runOnlyForDeploymentPostprocessing = 0;
		};
		0E967CF81CA590CD00B214C1 /* Frameworks */ = {
			isa = PBXFrameworksBuildPhase;
			buildActionMask = 2147483647;
			files = (
			);
			runOnlyForDeploymentPostprocessing = 0;
		};
/* End PBXFrameworksBuildPhase section */

/* Begin PBXGroup section */
		0E967CD31CA590CD00B214C1 = {
			isa = PBXGroup;
			children = (
				0E967D0D1CA590E800B214C1 /* Podfile */,
				0E967CDE1CA590CD00B214C1 /* Byggo(v1) */,
				0E967CF31CA590CD00B214C1 /* Byggo(v1)Tests */,
				0E967CFE1CA590CD00B214C1 /* Byggo(v1)UITests */,
				0E967CDD1CA590CD00B214C1 /* Products */,
				978B3B9355C469A43FB16D1A /* Pods */,
				43B9FFA9B22A34C6B1AA51CD /* Frameworks */,
			);
			sourceTree = "<group>";
		};
		0E967CDD1CA590CD00B214C1 /* Products */ = {
			isa = PBXGroup;
			children = (
				0E967CDC1CA590CD00B214C1 /* Byggo(v1).app */,
				0E967CF01CA590CD00B214C1 /* Byggo(v1)Tests.xctest */,
				0E967CFB1CA590CD00B214C1 /* Byggo(v1)UITests.xctest */,
			);
			name = Products;
			sourceTree = "<group>";
		};
		0E967CDE1CA590CD00B214C1 /* Byggo(v1) */ = {
			isa = PBXGroup;
			children = (
				0E967CDF1CA590CD00B214C1 /* AppDelegate.swift */,
				0E967CE11CA590CD00B214C1 /* ViewController.swift */,
				0EEC4FC11CA74FAF00F9374F /* TableViewControler.swift */,
				0EEC4FC51CA752DA00F9374F /* DetailedViewController.swift */,
				0E967CE31CA590CD00B214C1 /* Main.storyboard */,
				0E967CE61CA590CD00B214C1 /* Assets.xcassets */,
				0E967CE81CA590CD00B214C1 /* LaunchScreen.storyboard */,
				0E967CEB1CA590CD00B214C1 /* Info.plist */,
				0EC31CE21CA6DD59003ACF01 /* user.swift */,
				0EEC4FC71CA7E56D00F9374F /* cell.swift */,
				0EEC4FC91CA965B200F9374F /* settings.swift */,
				0E5ADB9F1CC6210B00124D50 /* fil.swift */,
				0E5ADBA11CC626EB00124D50 /* filCell.swift */,
				0E9F3DF91CC6B15B00740535 /* images */,
			);
			path = "Byggo(v1)";
			sourceTree = "<group>";
		};
		0E967CF31CA590CD00B214C1 /* Byggo(v1)Tests */ = {
			isa = PBXGroup;
			children = (
				0E967CF41CA590CD00B214C1 /* Byggo_v1_Tests.swift */,
				0E967CF61CA590CD00B214C1 /* Info.plist */,
			);
			path = "Byggo(v1)Tests";
			sourceTree = "<group>";
		};
		0E967CFE1CA590CD00B214C1 /* Byggo(v1)UITests */ = {
			isa = PBXGroup;
			children = (
				0E967CFF1CA590CD00B214C1 /* Byggo_v1_UITests.swift */,
				0E967D011CA590CD00B214C1 /* Info.plist */,
			);
			path = "Byggo(v1)UITests";
			sourceTree = "<group>";
		};
		0E9F3DF91CC6B15B00740535 /* images */ = {
			isa = PBXGroup;
			children = (
				0E9F3DFA1CC6B19C00740535 /* excel_Symbol.png */,
				0E9F3DFB1CC6B19C00740535 /* jpeg_Symbol.png */,
				0E9F3DFC1CC6B19C00740535 /* pdf_Symbol.png */,
				0E9F3DFD1CC6B19C00740535 /* png_Symbol.png */,
				0E9F3DFE1CC6B19C00740535 /* ppt_Symbol.png */,
			);
			name = images;
			sourceTree = "<group>";
		};
		43B9FFA9B22A34C6B1AA51CD /* Frameworks */ = {
			isa = PBXGroup;
			children = (
				0EC31CDA1CA592CF003ACF01 /* Alamofire.framework */,
				0EC31CDB1CA592CF003ACF01 /* SwiftyJSON.framework */,
				D982E91493DD48EA6CEEFEB1 /* Pods_Byggo_v1_.framework */,
			);
			name = Frameworks;
			sourceTree = "<group>";
		};
		978B3B9355C469A43FB16D1A /* Pods */ = {
			isa = PBXGroup;
			children = (
				ECAC247A427DA3CB20DE4E9D /* Pods-Byggo(v1).debug.xcconfig */,
				25656132FA5865C002A281A7 /* Pods-Byggo(v1).release.xcconfig */,
			);
			name = Pods;
			sourceTree = "<group>";
		};
/* End PBXGroup section */

/* Begin PBXNativeTarget section */
		0E967CDB1CA590CD00B214C1 /* Byggo(v1) */ = {
			isa = PBXNativeTarget;
			buildConfigurationList = 0E967D041CA590CD00B214C1 /* Build configuration list for PBXNativeTarget "Byggo(v1)" */;
			buildPhases = (
				297FDE162E2EF44E958A6B82 /* Check Pods Manifest.lock */,
				0E967CD81CA590CD00B214C1 /* Sources */,
				0E967CD91CA590CD00B214C1 /* Frameworks */,
				0E967CDA1CA590CD00B214C1 /* Resources */,
				CD881DD06F8FC0EB9B01B7B9 /* Embed Pods Frameworks */,
				D45EAB75B5B71804C9673BA7 /* Copy Pods Resources */,
			);
			buildRules = (
			);
			dependencies = (
			);
			name = "Byggo(v1)";
			productName = "Byggo(v1)";
			productReference = 0E967CDC1CA590CD00B214C1 /* Byggo(v1).app */;
			productType = "com.apple.product-type.application";
		};
		0E967CEF1CA590CD00B214C1 /* Byggo(v1)Tests */ = {
			isa = PBXNativeTarget;
			buildConfigurationList = 0E967D071CA590CD00B214C1 /* Build configuration list for PBXNativeTarget "Byggo(v1)Tests" */;
			buildPhases = (
				0E967CEC1CA590CD00B214C1 /* Sources */,
				0E967CED1CA590CD00B214C1 /* Frameworks */,
				0E967CEE1CA590CD00B214C1 /* Resources */,
			);
			buildRules = (
			);
			dependencies = (
				0E967CF21CA590CD00B214C1 /* PBXTargetDependency */,
			);
			name = "Byggo(v1)Tests";
			productName = "Byggo(v1)Tests";
			productReference = 0E967CF01CA590CD00B214C1 /* Byggo(v1)Tests.xctest */;
			productType = "com.apple.product-type.bundle.unit-test";
		};
		0E967CFA1CA590CD00B214C1 /* Byggo(v1)UITests */ = {
			isa = PBXNativeTarget;
			buildConfigurationList = 0E967D0A1CA590CD00B214C1 /* Build configuration list for PBXNativeTarget "Byggo(v1)UITests" */;
			buildPhases = (
				0E967CF71CA590CD00B214C1 /* Sources */,
				0E967CF81CA590CD00B214C1 /* Frameworks */,
				0E967CF91CA590CD00B214C1 /* Resources */,
			);
			buildRules = (
			);
			dependencies = (
				0E967CFD1CA590CD00B214C1 /* PBXTargetDependency */,
			);
			name = "Byggo(v1)UITests";
			productName = "Byggo(v1)UITests";
			productReference = 0E967CFB1CA590CD00B214C1 /* Byggo(v1)UITests.xctest */;
			productType = "com.apple.product-type.bundle.ui-testing";
		};
/* End PBXNativeTarget section */

/* Begin PBXProject section */
		0E967CD41CA590CD00B214C1 /* Project object */ = {
			isa = PBXProject;
			attributes = {
				LastSwiftUpdateCheck = 0730;
				LastUpgradeCheck = 0730;
				ORGANIZATIONNAME = "Benjamin Eibye";
				TargetAttributes = {
					0E967CDB1CA590CD00B214C1 = {
						CreatedOnToolsVersion = 7.3;
						DevelopmentTeam = 6U48YHYRVA;
					};
					0E967CEF1CA590CD00B214C1 = {
						CreatedOnToolsVersion = 7.3;
						TestTargetID = 0E967CDB1CA590CD00B214C1;
					};
					0E967CFA1CA590CD00B214C1 = {
						CreatedOnToolsVersion = 7.3;
						TestTargetID = 0E967CDB1CA590CD00B214C1;
					};
				};
			};
			buildConfigurationList = 0E967CD71CA590CD00B214C1 /* Build configuration list for PBXProject "Byggo(v1)" */;
			compatibilityVersion = "Xcode 3.2";
			developmentRegion = English;
			hasScannedForEncodings = 0;
			knownRegions = (
				en,
				Base,
			);
			mainGroup = 0E967CD31CA590CD00B214C1;
			productRefGroup = 0E967CDD1CA590CD00B214C1 /* Products */;
			projectDirPath = "";
			projectRoot = "";
			targets = (
				0E967CDB1CA590CD00B214C1 /* Byggo(v1) */,
				0E967CEF1CA590CD00B214C1 /* Byggo(v1)Tests */,
				0E967CFA1CA590CD00B214C1 /* Byggo(v1)UITests */,
			);
		};
/* End PBXProject section */

/* Begin PBXResourcesBuildPhase section */
		0E967CDA1CA590CD00B214C1 /* Resources */ = {
			isa = PBXResourcesBuildPhase;
			buildActionMask = 2147483647;
			files = (
				0E967CEA1CA590CD00B214C1 /* LaunchScreen.storyboard in Resources */,
				0E9F3E001CC6B19C00740535 /* jpeg_Symbol.png in Resources */,
				0E9F3E011CC6B19C00740535 /* pdf_Symbol.png in Resources */,
				0E9F3E021CC6B19C00740535 /* png_Symbol.png in Resources */,
				0E967CE71CA590CD00B214C1 /* Assets.xcassets in Resources */,
				0E9F3E031CC6B19C00740535 /* ppt_Symbol.png in Resources */,
				0E967D0E1CA590E800B214C1 /* Podfile in Resources */,
				0E967CE51CA590CD00B214C1 /* Main.storyboard in Resources */,
				0E9F3DFF1CC6B19C00740535 /* excel_Symbol.png in Resources */,
			);
			runOnlyForDeploymentPostprocessing = 0;
		};
		0E967CEE1CA590CD00B214C1 /* Resources */ = {
			isa = PBXResourcesBuildPhase;
			buildActionMask = 2147483647;
			files = (
			);
			runOnlyForDeploymentPostprocessing = 0;
		};
		0E967CF91CA590CD00B214C1 /* Resources */ = {
			isa = PBXResourcesBuildPhase;
			buildActionMask = 2147483647;
			files = (
			);
			runOnlyForDeploymentPostprocessing = 0;
		};
/* End PBXResourcesBuildPhase section */

/* Begin PBXShellScriptBuildPhase section */
		297FDE162E2EF44E958A6B82 /* Check Pods Manifest.lock */ = {
			isa = PBXShellScriptBuildPhase;
			buildActionMask = 2147483647;
			files = (
			);
			inputPaths = (
			);
			name = "Check Pods Manifest.lock";
			outputPaths = (
			);
			runOnlyForDeploymentPostprocessing = 0;
			shellPath = /bin/sh;
			shellScript = "diff \"${PODS_ROOT}/../Podfile.lock\" \"${PODS_ROOT}/Manifest.lock\" > /dev/null\nif [[ $? != 0 ]] ; then\n    cat << EOM\nerror: The sandbox is not in sync with the Podfile.lock. Run 'pod install' or update your CocoaPods installation.\nEOM\n    exit 1\nfi\n";
			showEnvVarsInLog = 0;
		};
		CD881DD06F8FC0EB9B01B7B9 /* Embed Pods Frameworks */ = {
			isa = PBXShellScriptBuildPhase;
			buildActionMask = 2147483647;
			files = (
			);
			inputPaths = (
			);
			name = "Embed Pods Frameworks";
			outputPaths = (
			);
			runOnlyForDeploymentPostprocessing = 0;
			shellPath = /bin/sh;
			shellScript = "\"${SRCROOT}/Pods/Target Support Files/Pods-Byggo(v1)/Pods-Byggo(v1)-frameworks.sh\"\n";
			showEnvVarsInLog = 0;
		};
		D45EAB75B5B71804C9673BA7 /* Copy Pods Resources */ = {
			isa = PBXShellScriptBuildPhase;
			buildActionMask = 2147483647;
			files = (
			);
			inputPaths = (
			);
			name = "Copy Pods Resources";
			outputPaths = (
			);
			runOnlyForDeploymentPostprocessing = 0;
			shellPath = /bin/sh;
			shellScript = "\"${SRCROOT}/Pods/Target Support Files/Pods-Byggo(v1)/Pods-Byggo(v1)-resources.sh\"\n";
			showEnvVarsInLog = 0;
		};
/* End PBXShellScriptBuildPhase section */

/* Begin PBXSourcesBuildPhase section */
		0E967CD81CA590CD00B214C1 /* Sources */ = {
			isa = PBXSourcesBuildPhase;
			buildActionMask = 2147483647;
			files = (
				0E967CE21CA590CD00B214C1 /* ViewController.swift in Sources */,
				0EEC4FC81CA7E56D00F9374F /* cell.swift in Sources */,
				0E967CE01CA590CD00B214C1 /* AppDelegate.swift in Sources */,
				0EEC4FC61CA752DA00F9374F /* DetailedViewController.swift in Sources */,
				0EEC4FC21CA74FAF00F9374F /* TableViewControler.swift in Sources */,
				0EEC4FCA1CA965B200F9374F /* settings.swift in Sources */,
				0EC31CE31CA6DD59003ACF01 /* user.swift in Sources */,
				0E5ADBA01CC6210B00124D50 /* fil.swift in Sources */,
				0E5ADBA21CC626EB00124D50 /* filCell.swift in Sources */,
			);
			runOnlyForDeploymentPostprocessing = 0;
		};
		0E967CEC1CA590CD00B214C1 /* Sources */ = {
			isa = PBXSourcesBuildPhase;
			buildActionMask = 2147483647;
			files = (
				0E967CF51CA590CD00B214C1 /* Byggo_v1_Tests.swift in Sources */,
			);
			runOnlyForDeploymentPostprocessing = 0;
		};
		0E967CF71CA590CD00B214C1 /* Sources */ = {
			isa = PBXSourcesBuildPhase;
			buildActionMask = 2147483647;
			files = (
				0E967D001CA590CD00B214C1 /* Byggo_v1_UITests.swift in Sources */,
			);
			runOnlyForDeploymentPostprocessing = 0;
		};
/* End PBXSourcesBuildPhase section */

/* Begin PBXTargetDependency section */
		0E967CF21CA590CD00B214C1 /* PBXTargetDependency */ = {
			isa = PBXTargetDependency;
			target = 0E967CDB1CA590CD00B214C1 /* Byggo(v1) */;
			targetProxy = 0E967CF11CA590CD00B214C1 /* PBXContainerItemProxy */;
		};
		0E967CFD1CA590CD00B214C1 /* PBXTargetDependency */ = {
			isa = PBXTargetDependency;
			target = 0E967CDB1CA590CD00B214C1 /* Byggo(v1) */;
			targetProxy = 0E967CFC1CA590CD00B214C1 /* PBXContainerItemProxy */;
		};
/* End PBXTargetDependency section */

/* Begin PBXVariantGroup section */
		0E967CE31CA590CD00B214C1 /* Main.storyboard */ = {
			isa = PBXVariantGroup;
			children = (
				0E967CE41CA590CD00B214C1 /* Base */,
			);
			name = Main.storyboard;
			sourceTree = "<group>";
		};
		0E967CE81CA590CD00B214C1 /* LaunchScreen.storyboard */ = {
			isa = PBXVariantGroup;
			children = (
				0E967CE91CA590CD00B214C1 /* Base */,
			);
			name = LaunchScreen.storyboard;
			sourceTree = "<group>";
		};
/* End PBXVariantGroup section */

/* Begin XCBuildConfiguration section */
		0E967D021CA590CD00B214C1 /* Debug */ = {
			isa = XCBuildConfiguration;
			buildSettings = {
				ALWAYS_SEARCH_USER_PATHS = NO;
				CLANG_ANALYZER_NONNULL = YES;
				CLANG_CXX_LANGUAGE_STANDARD = "gnu++0x";
				CLANG_CXX_LIBRARY = "libc++";
				CLANG_ENABLE_MODULES = YES;
				CLANG_ENABLE_OBJC_ARC = YES;
				CLANG_WARN_BOOL_CONVERSION = YES;
				CLANG_WARN_CONSTANT_CONVERSION = YES;
				CLANG_WARN_DIRECT_OBJC_ISA_USAGE = YES_ERROR;
				CLANG_WARN_EMPTY_BODY = YES;
				CLANG_WARN_ENUM_CONVERSION = YES;
				CLANG_WARN_INT_CONVERSION = YES;
				CLANG_WARN_OBJC_ROOT_CLASS = YES_ERROR;
				CLANG_WARN_UNREACHABLE_CODE = YES;
				CLANG_WARN__DUPLICATE_METHOD_MATCH = YES;
				"CODE_SIGN_IDENTITY[sdk=iphoneos*]" = "iPhone Developer";
				COPY_PHASE_STRIP = NO;
				DEBUG_INFORMATION_FORMAT = dwarf;
				ENABLE_STRICT_OBJC_MSGSEND = YES;
				ENABLE_TESTABILITY = YES;
				GCC_C_LANGUAGE_STANDARD = gnu99;
				GCC_DYNAMIC_NO_PIC = NO;
				GCC_NO_COMMON_BLOCKS = YES;
				GCC_OPTIMIZATION_LEVEL = 0;
				GCC_PREPROCESSOR_DEFINITIONS = (
					"DEBUG=1",
					"$(inherited)",
				);
				GCC_WARN_64_TO_32_BIT_CONVERSION = YES;
				GCC_WARN_ABOUT_RETURN_TYPE = YES_ERROR;
				GCC_WARN_UNDECLARED_SELECTOR = YES;
				GCC_WARN_UNINITIALIZED_AUTOS = YES_AGGRESSIVE;
				GCC_WARN_UNUSED_FUNCTION = YES;
				GCC_WARN_UNUSED_VARIABLE = YES;
				IPHONEOS_DEPLOYMENT_TARGET = 9.3;
				MTL_ENABLE_DEBUG_INFO = YES;
				ONLY_ACTIVE_ARCH = YES;
				SDKROOT = iphoneos;
				SWIFT_OPTIMIZATION_LEVEL = "-Onone";
				TARGETED_DEVICE_FAMILY = "1,2";
			};
			name = Debug;
		};
		0E967D031CA590CD00B214C1 /* Release */ = {
			isa = XCBuildConfiguration;
			buildSettings = {
				ALWAYS_SEARCH_USER_PATHS = NO;
				CLANG_ANALYZER_NONNULL = YES;
				CLANG_CXX_LANGUAGE_STANDARD = "gnu++0x";
				CLANG_CXX_LIBRARY = "libc++";
				CLANG_ENABLE_MODULES = YES;
				CLANG_ENABLE_OBJC_ARC = YES;
				CLANG_WARN_BOOL_CONVERSION = YES;
				CLANG_WARN_CONSTANT_CONVERSION = YES;
				CLANG_WARN_DIRECT_OBJC_ISA_USAGE = YES_ERROR;
				CLANG_WARN_EMPTY_BODY = YES;
				CLANG_WARN_ENUM_CONVERSION = YES;
				CLANG_WARN_INT_CONVERSION = YES;
				CLANG_WARN_OBJC_ROOT_CLASS = YES_ERROR;
				CLANG_WARN_UNREACHABLE_CODE = YES;
				CLANG_WARN__DUPLICATE_METHOD_MATCH = YES;
				"CODE_SIGN_IDENTITY[sdk=iphoneos*]" = "iPhone Developer";
				COPY_PHASE_STRIP = NO;
				DEBUG_INFORMATION_FORMAT = "dwarf-with-dsym";
				ENABLE_NS_ASSERTIONS = NO;
				ENABLE_STRICT_OBJC_MSGSEND = YES;
				GCC_C_LANGUAGE_STANDARD = gnu99;
				GCC_NO_COMMON_BLOCKS = YES;
				GCC_WARN_64_TO_32_BIT_CONVERSION = YES;
				GCC_WARN_ABOUT_RETURN_TYPE = YES_ERROR;
				GCC_WARN_UNDECLARED_SELECTOR = YES;
				GCC_WARN_UNINITIALIZED_AUTOS = YES_AGGRESSIVE;
				GCC_WARN_UNUSED_FUNCTION = YES;
				GCC_WARN_UNUSED_VARIABLE = YES;
				IPHONEOS_DEPLOYMENT_TARGET = 9.3;
				MTL_ENABLE_DEBUG_INFO = NO;
				SDKROOT = iphoneos;
				TARGETED_DEVICE_FAMILY = "1,2";
				VALIDATE_PRODUCT = YES;
			};
			name = Release;
		};
		0E967D051CA590CD00B214C1 /* Debug */ = {
			isa = XCBuildConfiguration;
			baseConfigurationReference = ECAC247A427DA3CB20DE4E9D /* Pods-Byggo(v1).debug.xcconfig */;
			buildSettings = {
				ASSETCATALOG_COMPILER_APPICON_NAME = AppIcon;
				CODE_SIGN_IDENTITY = "iPhone Developer";
				INFOPLIST_FILE = "Byggo(v1)/Info.plist";
				IPHONEOS_DEPLOYMENT_TARGET = 8.3;
				LD_RUNPATH_SEARCH_PATHS = "$(inherited) @executable_path/Frameworks";
				PRODUCT_BUNDLE_IDENTIFIER = "coboltdev.Byggo-v1-";
				PRODUCT_NAME = "$(TARGET_NAME)";
				TARGETED_DEVICE_FAMILY = "1,2";
			};
			name = Debug;
		};
		0E967D061CA590CD00B214C1 /* Release */ = {
			isa = XCBuildConfiguration;
			baseConfigurationReference = 25656132FA5865C002A281A7 /* Pods-Byggo(v1).release.xcconfig */;
			buildSettings = {
				ASSETCATALOG_COMPILER_APPICON_NAME = AppIcon;
				CODE_SIGN_IDENTITY = "iPhone Developer";
				INFOPLIST_FILE = "Byggo(v1)/Info.plist";
				IPHONEOS_DEPLOYMENT_TARGET = 8.3;
				LD_RUNPATH_SEARCH_PATHS = "$(inherited) @executable_path/Frameworks";
				PRODUCT_BUNDLE_IDENTIFIER = "coboltdev.Byggo-v1-";
				PRODUCT_NAME = "$(TARGET_NAME)";
				TARGETED_DEVICE_FAMILY = "1,2";
			};
			name = Release;
		};
		0E967D081CA590CD00B214C1 /* Debug */ = {
			isa = XCBuildConfiguration;
			buildSettings = {
				BUNDLE_LOADER = "$(TEST_HOST)";
				INFOPLIST_FILE = "Byggo(v1)Tests/Info.plist";
				LD_RUNPATH_SEARCH_PATHS = "$(inherited) @executable_path/Frameworks @loader_path/Frameworks";
				PRODUCT_BUNDLE_IDENTIFIER = "coboltdev.Byggo-v1-Tests";
				PRODUCT_NAME = "$(TARGET_NAME)";
				TEST_HOST = "$(BUILT_PRODUCTS_DIR)/Byggo(v1).app/Byggo(v1)";
			};
			name = Debug;
		};
		0E967D091CA590CD00B214C1 /* Release */ = {
			isa = XCBuildConfiguration;
			buildSettings = {
				BUNDLE_LOADER = "$(TEST_HOST)";
				INFOPLIST_FILE = "Byggo(v1)Tests/Info.plist";
				LD_RUNPATH_SEARCH_PATHS = "$(inherited) @executable_path/Frameworks @loader_path/Frameworks";
				PRODUCT_BUNDLE_IDENTIFIER = "coboltdev.Byggo-v1-Tests";
				PRODUCT_NAME = "$(TARGET_NAME)";
				TEST_HOST = "$(BUILT_PRODUCTS_DIR)/Byggo(v1).app/Byggo(v1)";
			};
			name = Release;
		};
		0E967D0B1CA590CD00B214C1 /* Debug */ = {
			isa = XCBuildConfiguration;
			buildSettings = {
				INFOPLIST_FILE = "Byggo(v1)UITests/Info.plist";
				LD_RUNPATH_SEARCH_PATHS = "$(inherited) @executable_path/Frameworks @loader_path/Frameworks";
				PRODUCT_BUNDLE_IDENTIFIER = "coboltdev.Byggo-v1-UITests";
				PRODUCT_NAME = "$(TARGET_NAME)";
				TEST_TARGET_NAME = "Byggo(v1)";
			};
			name = Debug;
		};
		0E967D0C1CA590CD00B214C1 /* Release */ = {
			isa = XCBuildConfiguration;
			buildSettings = {
				INFOPLIST_FILE = "Byggo(v1)UITests/Info.plist";
				LD_RUNPATH_SEARCH_PATHS = "$(inherited) @executable_path/Frameworks @loader_path/Frameworks";
				PRODUCT_BUNDLE_IDENTIFIER = "coboltdev.Byggo-v1-UITests";
				PRODUCT_NAME = "$(TARGET_NAME)";
				TEST_TARGET_NAME = "Byggo(v1)";
			};
			name = Release;
		};
/* End XCBuildConfiguration section */

/* Begin XCConfigurationList section */
		0E967CD71CA590CD00B214C1 /* Build configuration list for PBXProject "Byggo(v1)" */ = {
			isa = XCConfigurationList;
			buildConfigurations = (
				0E967D021CA590CD00B214C1 /* Debug */,
				0E967D031CA590CD00B214C1 /* Release */,
			);
			defaultConfigurationIsVisible = 0;
			defaultConfigurationName = Release;
		};
		0E967D041CA590CD00B214C1 /* Build configuration list for PBXNativeTarget "Byggo(v1)" */ = {
			isa = XCConfigurationList;
			buildConfigurations = (
				0E967D051CA590CD00B214C1 /* Debug */,
				0E967D061CA590CD00B214C1 /* Release */,
			);
			defaultConfigurationIsVisible = 0;
			defaultConfigurationName = Release;
		};
		0E967D071CA590CD00B214C1 /* Build configuration list for PBXNativeTarget "Byggo(v1)Tests" */ = {
			isa = XCConfigurationList;
			buildConfigurations = (
				0E967D081CA590CD00B214C1 /* Debug */,
				0E967D091CA590CD00B214C1 /* Release */,
			);
			defaultConfigurationIsVisible = 0;
			defaultConfigurationName = Release;
		};
		0E967D0A1CA590CD00B214C1 /* Build configuration list for PBXNativeTarget "Byggo(v1)UITests" */ = {
			isa = XCConfigurationList;
			buildConfigurations = (
				0E967D0B1CA590CD00B214C1 /* Debug */,
				0E967D0C1CA590CD00B214C1 /* Release */,
			);
			defaultConfigurationIsVisible = 0;
			defaultConfigurationName = Release;
		};
/* End XCConfigurationList section */
	};
	rootObject = 0E967CD41CA590CD00B214C1 /* Project object */;
}
